
Microsoft Visual Studio Solution File, Format Version 12.00
# Visual Studio Version 17
VisualStudioVersion = 17.4.33205.214
MinimumVisualStudioVersion = 10.0.40219.1
Project("{9A19103F-16F7-4668-BE54-9A1E7A4F7556}") = "PoP", "PoP\PoP.csproj", "{009EF7D5-AC2B-4E5A-89DD-EFA1037B442D}"
EndProject
Global
	GlobalSection(SolutionConfigurationPlatforms) = preSolution
		Debug|Any CPU = Debug|Any CPU
		Release|Any CPU = Release|Any CPU
	EndGlobalSection
	GlobalSection(ProjectConfigurationPlatforms) = postSolution
		{009EF7D5-AC2B-4E5A-89DD-EFA1037B442D}.Debug|Any CPU.ActiveCfg = Debug|Any CPU
		{009EF7D5-AC2B-4E5A-89DD-EFA1037B442D}.Debug|Any CPU.Build.0 = Debug|Any CPU
		{009EF7D5-AC2B-4E5A-89DD-EFA1037B442D}.Release|Any CPU.ActiveCfg = Release|Any CPU
		{009EF7D5-AC2B-4E5A-89DD-EFA1037B442D}.Release|Any CPU.Build.0 = Release|Any CPU
	EndGlobalSection
	GlobalSection(SolutionProperties) = preSolution
		HideSolutionNode = FALSE
	EndGlobalSection
	GlobalSection(ExtensibilityGlobals) = postSolution
		SolutionGuid = {DDAEAC14-EAEF-48C7-83B0-DA68C28222B1}
	EndGlobalSection
EndGlobal
